
Microsoft Visual Studio Solution File, Format Version 12.00
# Visual Studio Version 17
VisualStudioVersion = 17.12.35514.174 d17.12
MinimumVisualStudioVersion = 10.0.40219.1
Project("{FAE04EC0-301F-11D3-BF4B-00C04F79EFBC}") = "38_NguyenLeAnhKhoa_Tuan06", "38_NguyenLeAnhKhoa_Tuan06\38_NguyenLeAnhKhoa_Tuan06.csproj", "{804BB7E4-2885-4928-887D-4603577ED34B}"
EndProject
Global
	GlobalSection(SolutionConfigurationPlatforms) = preSolution
		Debug|Any CPU = Debug|Any CPU
		Release|Any CPU = Release|Any CPU
	EndGlobalSection
	GlobalSection(ProjectConfigurationPlatforms) = postSolution
		{804BB7E4-2885-4928-887D-4603577ED34B}.Debug|Any CPU.ActiveCfg = Debug|Any CPU
		{804BB7E4-2885-4928-887D-4603577ED34B}.Debug|Any CPU.Build.0 = Debug|Any CPU
		{804BB7E4-2885-4928-887D-4603577ED34B}.Release|Any CPU.ActiveCfg = Release|Any CPU
		{804BB7E4-2885-4928-887D-4603577ED34B}.Release|Any CPU.Build.0 = Release|Any CPU
	EndGlobalSection
	GlobalSection(SolutionProperties) = preSolution
		HideSolutionNode = FALSE
	EndGlobalSection
EndGlobal
