
Microsoft Visual Studio Solution File, Format Version 12.00
# Visual Studio Version 17
VisualStudioVersion = 17.12.35514.174 d17.12
MinimumVisualStudioVersion = 10.0.40219.1
Project("{FAE04EC0-301F-11D3-BF4B-00C04F79EFBC}") = "38_NguyenLeAnhKhoa_Tuan05", "38_NguyenLeAnhKhoa_Tuan05\38_NguyenLeAnhKhoa_Tuan05.csproj", "{9877C054-26B3-472E-AD6F-0058BCC95D5E}"
EndProject
Global
	GlobalSection(SolutionConfigurationPlatforms) = preSolution
		Debug|Any CPU = Debug|Any CPU
		Release|Any CPU = Release|Any CPU
	EndGlobalSection
	GlobalSection(ProjectConfigurationPlatforms) = postSolution
		{9877C054-26B3-472E-AD6F-0058BCC95D5E}.Debug|Any CPU.ActiveCfg = Debug|Any CPU
		{9877C054-26B3-472E-AD6F-0058BCC95D5E}.Debug|Any CPU.Build.0 = Debug|Any CPU
		{9877C054-26B3-472E-AD6F-0058BCC95D5E}.Release|Any CPU.ActiveCfg = Release|Any CPU
		{9877C054-26B3-472E-AD6F-0058BCC95D5E}.Release|Any CPU.Build.0 = Release|Any CPU
	EndGlobalSection
	GlobalSection(SolutionProperties) = preSolution
		HideSolutionNode = FALSE
	EndGlobalSection
EndGlobal
